dependencies:
  dependencies:
  - cdn:
      name: RecaptchaInterop
      requirement:
        upToNextMajor:
          _0: 100.0.0
  - cdn:
      name: SnapKit
      requirement:
        exact:
          _0: 5.7.1
  - cdn:
      name: SwiftGen
      requirement:
        upToNextMajor:
          _0: 6.6.0
  gitRepos: []
  localPodspecs: []
  repos:
  - https://cdn.cocoapods.org/
lockfile:
  podsBySource:
    https://cdn.cocoapods.org/:
      pods:
        RecaptchaInterop:
          hash: 7d1a4a01a6b2cb1610a47ef3f85f0c411434cb21
          version: 100.0.0
        SnapKit:
          hash: d612e99e678a2d3b95bf60b0705ed0a35c03484a
          version: 5.7.1
        SwiftGen:
          hash: 4993cbf71cbc4886f775e26f8d5c3a1188ec9f99
          version: 6.6.3
      type: cdn
